{
  "name": "node-red-contrib-google-home-notify",
  "version": "0.0.7",
  "lockfileVersion": 1,
  "requires": true,
  "dependencies": {
    "array-flatten": {
      "version": "2.1.1",
      "resolved": "https://registry.npmjs.org/array-flatten/-/array-flatten-2.1.1.tgz",
      "integrity": "sha1-Qmu52oQJDBg42BLIFQryCoMx4pY="
    },
    "ascli": {
      "version": "0.3.0",
      "resolved": "https://registry.npmjs.org/ascli/-/ascli-0.3.0.tgz",
      "integrity": "sha1-XmYjDlIZ/j6JUqTvtPIPrllqgTo=",
      "requires": {
        "colour": "0.7.1",
        "optjs": "3.2.2"
      }
    },
    "bonjour": {
      "version": "3.5.0",
      "resolved": "https://registry.npmjs.org/bonjour/-/bonjour-3.5.0.tgz",
      "integrity": "sha1-jokKGD2O6aI5OzhExpGkK897yfU=",
      "requires": {
        "array-flatten": "2.1.1",
        "deep-equal": "1.0.1",
        "dns-equal": "1.0.0",
        "dns-txt": "2.0.2",
        "multicast-dns": "6.1.1",
        "multicast-dns-service-types": "1.1.0"
      }
    },
    "buffer-indexof": {
      "version": "1.1.1",
      "resolved": "https://registry.npmjs.org/buffer-indexof/-/buffer-indexof-1.1.1.tgz",
      "integrity": "sha512-4/rOEg86jivtPTeOUUT61jJO1Ya1TrR/OkqCSZDyq84WJh3LuuiphBYJN+fm5xufIk4XAFcEwte/8WzC8If/1g=="
    },
    "bufferview": {
      "version": "1.0.1",
      "resolved": "https://registry.npmjs.org/bufferview/-/bufferview-1.0.1.tgz",
      "integrity": "sha1-ev10pF+Tf6QiodM4wIu/3HbNcl0="
    },
    "bytebuffer": {
      "version": "3.5.5",
      "resolved": "https://registry.npmjs.org/bytebuffer/-/bytebuffer-3.5.5.tgz",
      "integrity": "sha1-em+vGhNRSwg/H8+VQcTJv75+f9M=",
      "requires": {
        "bufferview": "1.0.1",
        "long": "2.4.0"
      }
    },
    "castv2": {
      "version": "0.1.9",
      "resolved": "https://registry.npmjs.org/castv2/-/castv2-0.1.9.tgz",
      "integrity": "sha1-0LD6sf0GsNnMpjaIZxbsEpOlkFo=",
      "requires": {
        "debug": "2.6.8",
        "protobufjs": "3.8.2"
      }
    },
    "castv2-client": {
      "version": "1.2.0",
      "resolved": "https://registry.npmjs.org/castv2-client/-/castv2-client-1.2.0.tgz",
      "integrity": "sha1-qRk7GlRIuMuaBBW9AhyIEe17BUQ=",
      "requires": {
        "castv2": "0.1.9",
        "debug": "2.6.8"
      }
    },
    "colour": {
      "version": "0.7.1",
      "resolved": "https://registry.npmjs.org/colour/-/colour-0.7.1.tgz",
      "integrity": "sha1-nLFpkX7F0SwHNtPoaFdG3xyt93g="
    },
    "debug": {
      "version": "2.6.8",
      "resolved": "https://registry.npmjs.org/debug/-/debug-2.6.8.tgz",
      "integrity": "sha1-5zFTHKLt4n0YgiJCfaF4IdaP9Pw=",
      "requires": {
        "ms": "2.0.0"
      }
    },
    "deep-equal": {
      "version": "1.0.1",
      "resolved": "https://registry.npmjs.org/deep-equal/-/deep-equal-1.0.1.tgz",
      "integrity": "sha1-9dJgKStmDghO/0zbyfCK0yR0SLU="
    },
    "dns-equal": {
      "version": "1.0.0",
      "resolved": "https://registry.npmjs.org/dns-equal/-/dns-equal-1.0.0.tgz",
      "integrity": "sha1-s55/HabrCnW6nBcySzR1PEfgZU0="
    },
    "dns-packet": {
      "version": "1.2.2",
      "resolved": "https://registry.npmjs.org/dns-packet/-/dns-packet-1.2.2.tgz",
      "integrity": "sha512-kN+DjfGF7dJGUL7nWRktL9Z18t1rWP3aQlyZdY8XlpvU3Nc6GeFTQApftcjtWKxAZfiggZSGrCEoszNgvnpwDg==",
      "requires": {
        "ip": "1.1.5",
        "safe-buffer": "5.1.1"
      }
    },
    "dns-txt": {
      "version": "2.0.2",
      "resolved": "https://registry.npmjs.org/dns-txt/-/dns-txt-2.0.2.tgz",
      "integrity": "sha1-uR2Ab10nGI5Ks+fRB9iBocxGQrY=",
      "requires": {
        "buffer-indexof": "1.1.1"
      }
    },
    "encoding": {
      "version": "0.1.12",
      "resolved": "https://registry.npmjs.org/encoding/-/encoding-0.1.12.tgz",
      "integrity": "sha1-U4tm8+5izRq1HsMjgp0flIDHS+s=",
      "requires": {
        "iconv-lite": "0.4.18"
      }
    },
    "google-home-notify": {
      "version": "0.0.1",
      "resolved": "https://registry.npmjs.org/google-home-notify/-/google-home-notify-0.0.1.tgz",
      "integrity": "sha512-f7gmMpoRkUfwFhD+rNflAFxjm/VUFqXnVXmOr8CF2p9bm9WISw0H+Zb9qaF5RbEd7BPVYxZ7NI8lrD67BAkgnA==",
      "requires": {
        "castv2-client": "1.2.0",
        "google-tts-api": "0.0.2-alpha.1"
      }
    },
    "google-tts-api": {
      "version": "0.0.2-alpha.1",
      "resolved": "https://registry.npmjs.org/google-tts-api/-/google-tts-api-0.0.2-alpha.1.tgz",
      "integrity": "sha512-ld0JojnUCHXpd6HYNm8cjsa0IOPj3EQ1YQmmOTT01ywuOxApJPxvL7Ve0uTmgKwYZxh1mNfXj9kowP3xtL58LA==",
      "requires": {
        "isomorphic-fetch": "2.2.1"
      }
    },
    "iconv-lite": {
      "version": "0.4.18",
      "resolved": "https://registry.npmjs.org/iconv-lite/-/iconv-lite-0.4.18.tgz",
      "integrity": "sha512-sr1ZQph3UwHTR0XftSbK85OvBbxe/abLGzEnPENCQwmHf7sck8Oyu4ob3LgBxWWxRoM+QszeUyl7jbqapu2TqA=="
    },
    "ip": {
      "version": "1.1.5",
      "resolved": "https://registry.npmjs.org/ip/-/ip-1.1.5.tgz",
      "integrity": "sha1-vd7XARQpCCjAoDnnLvJfWq7ENUo="
    },
    "is-stream": {
      "version": "1.1.0",
      "resolved": "https://registry.npmjs.org/is-stream/-/is-stream-1.1.0.tgz",
      "integrity": "sha1-EtSj3U5o4Lec6428hBc66A2RykQ="
    },
    "isomorphic-fetch": {
      "version": "2.2.1",
      "resolved": "https://registry.npmjs.org/isomorphic-fetch/-/isomorphic-fetch-2.2.1.tgz",
      "integrity": "sha1-YRrhrPFPXoH3KVB0coGf6XM1WKk=",
      "requires": {
        "node-fetch": "1.7.2",
        "whatwg-fetch": "2.0.3"
      }
    },
    "long": {
      "version": "2.4.0",
      "resolved": "https://registry.npmjs.org/long/-/long-2.4.0.tgz",
      "integrity": "sha1-n6GAux2VAM3CnEFWdmoZleH0Uk8="
    },
    "ms": {
      "version": "2.0.0",
      "resolved": "https://registry.npmjs.org/ms/-/ms-2.0.0.tgz",
      "integrity": "sha1-VgiurfwAvmwpAd9fmGF4jeDVl8g="
    },
    "multicast-dns": {
      "version": "6.1.1",
      "resolved": "https://registry.npmjs.org/multicast-dns/-/multicast-dns-6.1.1.tgz",
      "integrity": "sha1-bn3oalcIcqsXBYrepxYLvsqBTd4=",
      "requires": {
        "dns-packet": "1.2.2",
        "thunky": "0.1.0"
      }
    },
    "multicast-dns-service-types": {
      "version": "1.1.0",
      "resolved": "https://registry.npmjs.org/multicast-dns-service-types/-/multicast-dns-service-types-1.1.0.tgz",
      "integrity": "sha1-iZ8R2WhuXgXLkbNdXw5jt3PPyQE="
    },
    "node-fetch": {
      "version": "1.7.2",
      "resolved": "https://registry.npmjs.org/node-fetch/-/node-fetch-1.7.2.tgz",
      "integrity": "sha512-xZZUq2yDhKMIn/UgG5q//IZSNLJIwW2QxS14CNH5spuiXkITM2pUitjdq58yLSaU7m4M0wBNaM2Gh/ggY4YJig==",
      "requires": {
        "encoding": "0.1.12",
        "is-stream": "1.1.0"
      }
    },
    "optjs": {
      "version": "3.2.2",
      "resolved": "https://registry.npmjs.org/optjs/-/optjs-3.2.2.tgz",
      "integrity": "sha1-aabOicRCpEQDFBrS+bNwvVu29O4="
    },
    "protobufjs": {
      "version": "3.8.2",
      "resolved": "https://registry.npmjs.org/protobufjs/-/protobufjs-3.8.2.tgz",
      "integrity": "sha1-vIJuNMOvRpfo0K96Zp5NYSrtzRc=",
      "requires": {
        "ascli": "0.3.0",
        "bytebuffer": "3.5.5"
      }
    },
    "safe-buffer": {
      "version": "5.1.1",
      "resolved": "https://registry.npmjs.org/safe-buffer/-/safe-buffer-5.1.1.tgz",
      "integrity": "sha512-kKvNJn6Mm93gAczWVJg7wH+wGYWNrDHdWvpUmHyEsgCtIwwo3bqPtV4tR5tuPaUhTOo/kvhVwd8XwwOllGYkbg=="
    },
    "thunky": {
      "version": "0.1.0",
      "resolved": "https://registry.npmjs.org/thunky/-/thunky-0.1.0.tgz",
      "integrity": "sha1-vzAUaCTituZ7Dy16Ssi+smkIaE4="
    },
    "whatwg-fetch": {
      "version": "2.0.3",
      "resolved": "https://registry.npmjs.org/whatwg-fetch/-/whatwg-fetch-2.0.3.tgz",
      "integrity": "sha1-nITsLc9oGH/wC8ZOEnS0QhduHIQ="
    }
  }
}
